
Microsoft Visual Studio Solution File, Format Version 12.00
# Visual Studio Version 17
VisualStudioVersion = 17.5.002.0
MinimumVisualStudioVersion = 10.0.40219.1
Project("{9A19103F-16F7-4668-BE54-9A1E7A4F7556}") = "test_MVC", "test_MVC.csproj", "{2A84B637-A814-4DA3-9856-67388F95F8F6}"
EndProject
Global
	GlobalSection(SolutionConfigurationPlatforms) = preSolution
		Debug|Any CPU = Debug|Any CPU
		Release|Any CPU = Release|Any CPU
	EndGlobalSection
	GlobalSection(ProjectConfigurationPlatforms) = postSolution
		{2A84B637-A814-4DA3-9856-67388F95F8F6}.Debug|Any CPU.ActiveCfg = Debug|Any CPU
		{2A84B637-A814-4DA3-9856-67388F95F8F6}.Debug|Any CPU.Build.0 = Debug|Any CPU
		{2A84B637-A814-4DA3-9856-67388F95F8F6}.Release|Any CPU.ActiveCfg = Release|Any CPU
		{2A84B637-A814-4DA3-9856-67388F95F8F6}.Release|Any CPU.Build.0 = Release|Any CPU
	EndGlobalSection
	GlobalSection(SolutionProperties) = preSolution
		HideSolutionNode = FALSE
	EndGlobalSection
	GlobalSection(ExtensibilityGlobals) = postSolution
		SolutionGuid = {0511E167-FCE7-468D-86A0-B501DED80EB0}
	EndGlobalSection
EndGlobal
